
Microsoft Visual Studio Solution File, Format Version 12.00
# Visual Studio Version 16
VisualStudioVersion = 16.0.30021.99
MinimumVisualStudioVersion = 10.0.40219.1
Project("{FAE04EC0-301F-11D3-BF4B-00C04F79EFBC}") = "tilbake", "tilbake\tilbake.csproj", "{B8EAF2A1-0AC5-4F61-A232-4FDC40D1511F}"
EndProject
Global
	GlobalSection(SolutionConfigurationPlatforms) = preSolution
		Debug|Any CPU = Debug|Any CPU
		Release|Any CPU = Release|Any CPU
	EndGlobalSection
	GlobalSection(ProjectConfigurationPlatforms) = postSolution
		{B8EAF2A1-0AC5-4F61-A232-4FDC40D1511F}.Debug|Any CPU.ActiveCfg = Debug|Any CPU
		{B8EAF2A1-0AC5-4F61-A232-4FDC40D1511F}.Debug|Any CPU.Build.0 = Debug|Any CPU
		{B8EAF2A1-0AC5-4F61-A232-4FDC40D1511F}.Release|Any CPU.ActiveCfg = Release|Any CPU
		{B8EAF2A1-0AC5-4F61-A232-4FDC40D1511F}.Release|Any CPU.Build.0 = Release|Any CPU
	EndGlobalSection
	GlobalSection(SolutionProperties) = preSolution
		HideSolutionNode = FALSE
	EndGlobalSection
	GlobalSection(ExtensibilityGlobals) = postSolution
		SolutionGuid = {B4986877-53E5-4D41-A5F3-D986B9F21787}
	EndGlobalSection
EndGlobal
