
Microsoft Visual Studio Solution File, Format Version 12.00
# Visual Studio Version 16
VisualStudioVersion = 16.0.30021.99
MinimumVisualStudioVersion = 10.0.40219.1
Project("{9A19103F-16F7-4668-BE54-9A1E7A4F7556}") = "Tilbake.API", "Tilbake.API\Tilbake.API.csproj", "{60E29393-037F-4EDD-A036-DC9A63DAE19F}"
EndProject
Project("{9A19103F-16F7-4668-BE54-9A1E7A4F7556}") = "Tilbake.Domain", "Tilbake.Domain\Tilbake.Domain.csproj", "{F0D30D9D-3C02-42B4-8A47-29E3D6117195}"
EndProject
Project("{9A19103F-16F7-4668-BE54-9A1E7A4F7556}") = "Tilbake.Application", "Tilbake.Application\Tilbake.Application.csproj", "{E250BF5E-392F-45E8-9CB0-091107693AF7}"
EndProject
Project("{9A19103F-16F7-4668-BE54-9A1E7A4F7556}") = "Tilbake.Infrastructure.Persistence", "Tilbake.Infrastructure.Persistence\Tilbake.Infrastructure.Persistence.csproj", "{602D44D3-0DD2-40BF-B526-84E8A56DEA54}"
EndProject
Project("{9A19103F-16F7-4668-BE54-9A1E7A4F7556}") = "Tilbake.Infrastructure.IoC", "Tilbake.Infrastructure.IoC\Tilbake.Infrastructure.IoC.csproj", "{DFCF6E8E-3737-4A0B-8889-45CDFD5FA4C0}"
EndProject
Project("{2150E333-8FDC-42A3-9474-1A3956D46DE8}") = "Presentation", "Presentation", "{CF489E57-0E4C-4F57-AE33-6DE3B3860583}"
EndProject
Project("{2150E333-8FDC-42A3-9474-1A3956D46DE8}") = "Domain", "Domain", "{6AD42F7E-82E9-45C2-80DF-DD484EDD8708}"
EndProject
Project("{2150E333-8FDC-42A3-9474-1A3956D46DE8}") = "Infrastructure.Persistence", "Infrastructure.Persistence", "{937BDC8E-DB0E-43C0-B19D-46A5C93D667A}"
EndProject
Project("{2150E333-8FDC-42A3-9474-1A3956D46DE8}") = "Infrastructure.IoC", "Infrastructure.IoC", "{82511716-98C5-460A-BB2C-8CE4FA2062E6}"
EndProject
Project("{2150E333-8FDC-42A3-9474-1A3956D46DE8}") = "Application", "Application", "{F34531B4-425A-4261-8002-C94B6D89B060}"
EndProject
Project("{9A19103F-16F7-4668-BE54-9A1E7A4F7556}") = "Tilbake.MVC", "Tilbake.MVC\Tilbake.MVC.csproj", "{223BC9D6-F2F9-4AD2-AFCA-7995FC3BEFEF}"
EndProject
Project("{2150E333-8FDC-42A3-9474-1A3956D46DE8}") = "UI", "UI", "{FCA4BDA0-C8E9-4733-B823-F8DC8F63A542}"
EndProject
Global
	GlobalSection(SolutionConfigurationPlatforms) = preSolution
		Debug|Any CPU = Debug|Any CPU
		Release|Any CPU = Release|Any CPU
	EndGlobalSection
	GlobalSection(ProjectConfigurationPlatforms) = postSolution
		{60E29393-037F-4EDD-A036-DC9A63DAE19F}.Debug|Any CPU.ActiveCfg = Debug|Any CPU
		{60E29393-037F-4EDD-A036-DC9A63DAE19F}.Debug|Any CPU.Build.0 = Debug|Any CPU
		{60E29393-037F-4EDD-A036-DC9A63DAE19F}.Release|Any CPU.ActiveCfg = Release|Any CPU
		{60E29393-037F-4EDD-A036-DC9A63DAE19F}.Release|Any CPU.Build.0 = Release|Any CPU
		{F0D30D9D-3C02-42B4-8A47-29E3D6117195}.Debug|Any CPU.ActiveCfg = Debug|Any CPU
		{F0D30D9D-3C02-42B4-8A47-29E3D6117195}.Debug|Any CPU.Build.0 = Debug|Any CPU
		{F0D30D9D-3C02-42B4-8A47-29E3D6117195}.Release|Any CPU.ActiveCfg = Release|Any CPU
		{F0D30D9D-3C02-42B4-8A47-29E3D6117195}.Release|Any CPU.Build.0 = Release|Any CPU
		{E250BF5E-392F-45E8-9CB0-091107693AF7}.Debug|Any CPU.ActiveCfg = Debug|Any CPU
		{E250BF5E-392F-45E8-9CB0-091107693AF7}.Debug|Any CPU.Build.0 = Debug|Any CPU
		{E250BF5E-392F-45E8-9CB0-091107693AF7}.Release|Any CPU.ActiveCfg = Release|Any CPU
		{E250BF5E-392F-45E8-9CB0-091107693AF7}.Release|Any CPU.Build.0 = Release|Any CPU
		{602D44D3-0DD2-40BF-B526-84E8A56DEA54}.Debug|Any CPU.ActiveCfg = Debug|Any CPU
		{602D44D3-0DD2-40BF-B526-84E8A56DEA54}.Debug|Any CPU.Build.0 = Debug|Any CPU
		{602D44D3-0DD2-40BF-B526-84E8A56DEA54}.Release|Any CPU.ActiveCfg = Release|Any CPU
		{602D44D3-0DD2-40BF-B526-84E8A56DEA54}.Release|Any CPU.Build.0 = Release|Any CPU
		{DFCF6E8E-3737-4A0B-8889-45CDFD5FA4C0}.Debug|Any CPU.ActiveCfg = Debug|Any CPU
		{DFCF6E8E-3737-4A0B-8889-45CDFD5FA4C0}.Debug|Any CPU.Build.0 = Debug|Any CPU
		{DFCF6E8E-3737-4A0B-8889-45CDFD5FA4C0}.Release|Any CPU.ActiveCfg = Release|Any CPU
		{DFCF6E8E-3737-4A0B-8889-45CDFD5FA4C0}.Release|Any CPU.Build.0 = Release|Any CPU
		{223BC9D6-F2F9-4AD2-AFCA-7995FC3BEFEF}.Debug|Any CPU.ActiveCfg = Debug|Any CPU
		{223BC9D6-F2F9-4AD2-AFCA-7995FC3BEFEF}.Debug|Any CPU.Build.0 = Debug|Any CPU
		{223BC9D6-F2F9-4AD2-AFCA-7995FC3BEFEF}.Release|Any CPU.ActiveCfg = Release|Any CPU
		{223BC9D6-F2F9-4AD2-AFCA-7995FC3BEFEF}.Release|Any CPU.Build.0 = Release|Any CPU
	EndGlobalSection
	GlobalSection(SolutionProperties) = preSolution
		HideSolutionNode = FALSE
	EndGlobalSection
	GlobalSection(NestedProjects) = preSolution
		{60E29393-037F-4EDD-A036-DC9A63DAE19F} = {CF489E57-0E4C-4F57-AE33-6DE3B3860583}
		{F0D30D9D-3C02-42B4-8A47-29E3D6117195} = {6AD42F7E-82E9-45C2-80DF-DD484EDD8708}
		{E250BF5E-392F-45E8-9CB0-091107693AF7} = {F34531B4-425A-4261-8002-C94B6D89B060}
		{602D44D3-0DD2-40BF-B526-84E8A56DEA54} = {937BDC8E-DB0E-43C0-B19D-46A5C93D667A}
		{DFCF6E8E-3737-4A0B-8889-45CDFD5FA4C0} = {82511716-98C5-460A-BB2C-8CE4FA2062E6}
		{223BC9D6-F2F9-4AD2-AFCA-7995FC3BEFEF} = {FCA4BDA0-C8E9-4733-B823-F8DC8F63A542}
	EndGlobalSection
	GlobalSection(ExtensibilityGlobals) = postSolution
		SolutionGuid = {B4986877-53E5-4D41-A5F3-D986B9F21787}
	EndGlobalSection
EndGlobal
